
Microsoft Visual Studio Solution File, Format Version 12.00
# Visual Studio 15
VisualStudioVersion = 15.0.27130.2027
MinimumVisualStudioVersion = 10.0.40219.1
Project("{FAE04EC0-301F-11D3-BF4B-00C04F79EFBC}") = "Synchronization.Objects", "Synchronization.Objects\Synchronization.Objects.csproj", "{9343B38D-94DE-46C9-991B-259E2310F760}"
EndProject
Project("{FAE04EC0-301F-11D3-BF4B-00C04F79EFBC}") = "Synchronization.SyncAdapter", "Synchronization.SyncAdapter\Synchronization.SyncAdapter.csproj", "{EB39976F-FAC2-4528-AA4E-76BE3FFA3ABB}"
EndProject
Project("{FAE04EC0-301F-11D3-BF4B-00C04F79EFBC}") = "Synchronization.Tests", "Synchronization.Tests\Synchronization.Tests.csproj", "{EEE6A156-73E4-4640-A71E-082DD5346563}"
EndProject
Project("{2150E333-8FDC-42A3-9474-1A3956D46DE8}") = "Source", "Source", "{B9016CD6-3F78-4CFF-877B-2683590A36B7}"
EndProject
Project("{2150E333-8FDC-42A3-9474-1A3956D46DE8}") = "Destination", "Destination", "{54F0E23C-793F-491B-A304-92EE49FA98DB}"
EndProject
Project("{2150E333-8FDC-42A3-9474-1A3956D46DE8}") = "BusListener", "BusListener", "{DD496D6B-EE46-4C0B-BE67-4A8D47789E11}"
EndProject
Project("{FAE04EC0-301F-11D3-BF4B-00C04F79EFBC}") = "Synchronization.Utils", "Synchronization.Utils\Synchronization.Utils.csproj", "{EFB2F5F0-2F3F-49C0-B97B-75CC8AA6A255}"
EndProject
Project("{FAE04EC0-301F-11D3-BF4B-00C04F79EFBC}") = "ServiceBusListener", "ServiceBusListener\ServiceBusListener.csproj", "{CA59D9BD-4AE2-4231-AAAE-67C62438574B}"
EndProject
Project("{FAE04EC0-301F-11D3-BF4B-00C04F79EFBC}") = "ServiceBusListner.Tests", "ServiceBusListner.Tests\ServiceBusListner.Tests.csproj", "{D235FE36-66DE-4AC3-B9A6-7FCF7E2028CC}"
EndProject
Project("{FAE04EC0-301F-11D3-BF4B-00C04F79EFBC}") = "ServiceBus.ObjectDataModel", "ServiceBus.ObjectDataModel\ServiceBus.ObjectDataModel.csproj", "{569FA297-1733-4E65-810F-3A19549DF609}"
EndProject
Project("{FAE04EC0-301F-11D3-BF4B-00C04F79EFBC}") = "ServiceBus.ObjectMessageModel", "ServiceBus.ObjectMessageModel\ServiceBus.ObjectMessageModel.csproj", "{674422AD-0BAA-4716-A15B-3F1FDA0ADAA5}"
EndProject
Project("{2150E333-8FDC-42A3-9474-1A3956D46DE8}") = "ChangePackageCollector", "ChangePackageCollector", "{E36DE759-7563-4B58-8A4E-32A4C2589C9E}"
EndProject
Project("{FAE04EC0-301F-11D3-BF4B-00C04F79EFBC}") = "ChangePackageCollector", "ChangePackageCollector\ChangePackageCollector.csproj", "{F9179658-4A72-4AC1-874D-569098096771}"
EndProject
Project("{2150E333-8FDC-42A3-9474-1A3956D46DE8}") = "MessageCreator", "MessageCreator", "{68436CD4-3303-4CB3-AA57-889F9B850D76}"
EndProject
Project("{FAE04EC0-301F-11D3-BF4B-00C04F79EFBC}") = "MessageCreator", "MessageCreator\MessageCreator.csproj", "{5BE0C04F-E909-4988-B245-8D58A3E65D60}"
EndProject
Project("{2150E333-8FDC-42A3-9474-1A3956D46DE8}") = "SyncAdapter", "SyncAdapter", "{9DC5F4E8-4F67-4938-89A4-9B1BBF6A972F}"
EndProject
Project("{FAE04EC0-301F-11D3-BF4B-00C04F79EFBC}") = "ChangePackageCollector.Tests", "ChangePackageCollector.Tests\ChangePackageCollector.Tests.csproj", "{FBCA2C5A-28D8-4AD7-9AC8-09E99E2A4C61}"
EndProject
Project("{2150E333-8FDC-42A3-9474-1A3956D46DE8}") = "Mappers", "Mappers", "{C0D89F56-2FA9-4C2F-8E90-6D88D3855F64}"
EndProject
Project("{FAE04EC0-301F-11D3-BF4B-00C04F79EFBC}") = "Mappers.APPtoXML", "Mappers.APPtoXML\Mappers.APPtoXML.csproj", "{F72F866C-8499-4342-97DB-ECB5A64546C6}"
EndProject
Project("{FAE04EC0-301F-11D3-BF4B-00C04F79EFBC}") = "Mappers.XMLtoAPP", "Mappers.XMLtoAPP\Mappers.XMLtoAPP.csproj", "{7490DC7A-D2AC-41DA-98C3-426822C69C21}"
EndProject
Project("{FAE04EC0-301F-11D3-BF4B-00C04F79EFBC}") = "Mappers.Tests", "Mappers.Tests\Mappers.Tests.csproj", "{DAD5CC48-EB41-4CD3-AD54-1BA92019AE6D}"
EndProject
Project("{FAE04EC0-301F-11D3-BF4B-00C04F79EFBC}") = "Synchronization.Common", "Synchonization.Common\Synchronization.Common.csproj", "{E9F8AAC6-EB9E-4584-A1C8-AEF3D244F4FA}"
EndProject
Project("{FAE04EC0-301F-11D3-BF4B-00C04F79EFBC}") = "Mappers.Common", "Mappers.Common\Mappers.Common.csproj", "{6A181088-7100-4CB3-A4CD-D7F87982B76D}"
EndProject
Project("{FAE04EC0-301F-11D3-BF4B-00C04F79EFBC}") = "Eais.Catalogs.BusinessServers", "Eais.Catalogs\BusinessServers\Eais.Catalogs.BusinessServers.csproj", "{A4F7E214-838C-4620-87E8-E919EBAE6E4D}"
EndProject
Project("{FAE04EC0-301F-11D3-BF4B-00C04F79EFBC}") = "Eais.Catalogs.Objects", "Eais.Catalogs\Objects\Eais.Catalogs.Objects.csproj", "{0DCF622B-41CF-4F2D-9F96-D24ACE419F64}"
EndProject
Project("{FAE04EC0-301F-11D3-BF4B-00C04F79EFBC}") = "Eais.Common", "Eais.Common\Eais.Common.csproj", "{7693B504-33B7-4EAA-865C-75A6E20ED412}"
EndProject
Project("{FAE04EC0-301F-11D3-BF4B-00C04F79EFBC}") = "Eais.Common.Objects", "Eais.Common\Objects\Eais.Common.Objects.csproj", "{AAACB9FC-4D70-4EE0-9EB1-43D779F17CD0}"
EndProject
Project("{FAE04EC0-301F-11D3-BF4B-00C04F79EFBC}") = "Eais.Common.BusinessServers", "Eais.Common\BusinessServers\Eais.Common.BusinessServers.csproj", "{A1085368-31C8-48E5-ADDD-F930BDC6F465}"
EndProject
Project("{FAE04EC0-301F-11D3-BF4B-00C04F79EFBC}") = "Eais.GosUslugi.Objects", "Eais.GosUslugi\Objects\Eais.GosUslugi.Objects.csproj", "{4AFA3EE4-D125-4CF8-9056-A45AF44D9560}"
EndProject
Project("{FAE04EC0-301F-11D3-BF4B-00C04F79EFBC}") = "Eais.Leechnost.Objects", "Eais.Leechnost\Objects\Eais.Leechnost.Objects.csproj", "{C6F5995F-C0F1-4A82-B331-D63B46D9199D}"
EndProject
Project("{FAE04EC0-301F-11D3-BF4B-00C04F79EFBC}") = "Eais.Leechnost.BusinessServers", "Eais.Leechnost\BusinessServers\Eais.Leechnost.BusinessServers.csproj", "{CE6A6F79-4FC6-46CF-AB1C-1C62D3CC914A}"
EndProject
Project("{FAE04EC0-301F-11D3-BF4B-00C04F79EFBC}") = "Eais.Synchronization.Objects", "Objects\Eais.Synchronization.Objects.csproj", "{F9DAD686-6250-4FF3-A134-B87188B009A6}"
EndProject
Global
	GlobalSection(SolutionConfigurationPlatforms) = preSolution
		Debug|Any CPU = Debug|Any CPU
		Debug|ARM = Debug|ARM
		Debug|x64 = Debug|x64
		Debug|x86 = Debug|x86
		Release|Any CPU = Release|Any CPU
		Release|ARM = Release|ARM
		Release|x64 = Release|x64
		Release|x86 = Release|x86
	EndGlobalSection
	GlobalSection(ProjectConfigurationPlatforms) = postSolution
		{9343B38D-94DE-46C9-991B-259E2310F760}.Debug|Any CPU.ActiveCfg = Debug|Any CPU
		{9343B38D-94DE-46C9-991B-259E2310F760}.Debug|Any CPU.Build.0 = Debug|Any CPU
		{9343B38D-94DE-46C9-991B-259E2310F760}.Debug|ARM.ActiveCfg = Debug|Any CPU
		{9343B38D-94DE-46C9-991B-259E2310F760}.Debug|ARM.Build.0 = Debug|Any CPU
		{9343B38D-94DE-46C9-991B-259E2310F760}.Debug|x64.ActiveCfg = Debug|Any CPU
		{9343B38D-94DE-46C9-991B-259E2310F760}.Debug|x64.Build.0 = Debug|Any CPU
		{9343B38D-94DE-46C9-991B-259E2310F760}.Debug|x86.ActiveCfg = Debug|Any CPU
		{9343B38D-94DE-46C9-991B-259E2310F760}.Debug|x86.Build.0 = Debug|Any CPU
		{9343B38D-94DE-46C9-991B-259E2310F760}.Release|Any CPU.ActiveCfg = Release|Any CPU
		{9343B38D-94DE-46C9-991B-259E2310F760}.Release|Any CPU.Build.0 = Release|Any CPU
		{9343B38D-94DE-46C9-991B-259E2310F760}.Release|ARM.ActiveCfg = Release|Any CPU
		{9343B38D-94DE-46C9-991B-259E2310F760}.Release|ARM.Build.0 = Release|Any CPU
		{9343B38D-94DE-46C9-991B-259E2310F760}.Release|x64.ActiveCfg = Release|Any CPU
		{9343B38D-94DE-46C9-991B-259E2310F760}.Release|x64.Build.0 = Release|Any CPU
		{9343B38D-94DE-46C9-991B-259E2310F760}.Release|x86.ActiveCfg = Release|Any CPU
		{9343B38D-94DE-46C9-991B-259E2310F760}.Release|x86.Build.0 = Release|Any CPU
		{EB39976F-FAC2-4528-AA4E-76BE3FFA3ABB}.Debug|Any CPU.ActiveCfg = Debug|Any CPU
		{EB39976F-FAC2-4528-AA4E-76BE3FFA3ABB}.Debug|Any CPU.Build.0 = Debug|Any CPU
		{EB39976F-FAC2-4528-AA4E-76BE3FFA3ABB}.Debug|ARM.ActiveCfg = Debug|Any CPU
		{EB39976F-FAC2-4528-AA4E-76BE3FFA3ABB}.Debug|ARM.Build.0 = Debug|Any CPU
		{EB39976F-FAC2-4528-AA4E-76BE3FFA3ABB}.Debug|x64.ActiveCfg = Debug|Any CPU
		{EB39976F-FAC2-4528-AA4E-76BE3FFA3ABB}.Debug|x64.Build.0 = Debug|Any CPU
		{EB39976F-FAC2-4528-AA4E-76BE3FFA3ABB}.Debug|x86.ActiveCfg = Debug|Any CPU
		{EB39976F-FAC2-4528-AA4E-76BE3FFA3ABB}.Debug|x86.Build.0 = Debug|Any CPU
		{EB39976F-FAC2-4528-AA4E-76BE3FFA3ABB}.Release|Any CPU.ActiveCfg = Release|Any CPU
		{EB39976F-FAC2-4528-AA4E-76BE3FFA3ABB}.Release|Any CPU.Build.0 = Release|Any CPU
		{EB39976F-FAC2-4528-AA4E-76BE3FFA3ABB}.Release|ARM.ActiveCfg = Release|Any CPU
		{EB39976F-FAC2-4528-AA4E-76BE3FFA3ABB}.Release|ARM.Build.0 = Release|Any CPU
		{EB39976F-FAC2-4528-AA4E-76BE3FFA3ABB}.Release|x64.ActiveCfg = Release|Any CPU
		{EB39976F-FAC2-4528-AA4E-76BE3FFA3ABB}.Release|x64.Build.0 = Release|Any CPU
		{EB39976F-FAC2-4528-AA4E-76BE3FFA3ABB}.Release|x86.ActiveCfg = Release|Any CPU
		{EB39976F-FAC2-4528-AA4E-76BE3FFA3ABB}.Release|x86.Build.0 = Release|Any CPU
		{EEE6A156-73E4-4640-A71E-082DD5346563}.Debug|Any CPU.ActiveCfg = Debug|Any CPU
		{EEE6A156-73E4-4640-A71E-082DD5346563}.Debug|Any CPU.Build.0 = Debug|Any CPU
		{EEE6A156-73E4-4640-A71E-082DD5346563}.Debug|ARM.ActiveCfg = Debug|Any CPU
		{EEE6A156-73E4-4640-A71E-082DD5346563}.Debug|ARM.Build.0 = Debug|Any CPU
		{EEE6A156-73E4-4640-A71E-082DD5346563}.Debug|x64.ActiveCfg = Debug|Any CPU
		{EEE6A156-73E4-4640-A71E-082DD5346563}.Debug|x64.Build.0 = Debug|Any CPU
		{EEE6A156-73E4-4640-A71E-082DD5346563}.Debug|x86.ActiveCfg = Debug|Any CPU
		{EEE6A156-73E4-4640-A71E-082DD5346563}.Debug|x86.Build.0 = Debug|Any CPU
		{EEE6A156-73E4-4640-A71E-082DD5346563}.Release|Any CPU.ActiveCfg = Release|Any CPU
		{EEE6A156-73E4-4640-A71E-082DD5346563}.Release|Any CPU.Build.0 = Release|Any CPU
		{EEE6A156-73E4-4640-A71E-082DD5346563}.Release|ARM.ActiveCfg = Release|Any CPU
		{EEE6A156-73E4-4640-A71E-082DD5346563}.Release|ARM.Build.0 = Release|Any CPU
		{EEE6A156-73E4-4640-A71E-082DD5346563}.Release|x64.ActiveCfg = Release|Any CPU
		{EEE6A156-73E4-4640-A71E-082DD5346563}.Release|x64.Build.0 = Release|Any CPU
		{EEE6A156-73E4-4640-A71E-082DD5346563}.Release|x86.ActiveCfg = Release|Any CPU
		{EEE6A156-73E4-4640-A71E-082DD5346563}.Release|x86.Build.0 = Release|Any CPU
		{EFB2F5F0-2F3F-49C0-B97B-75CC8AA6A255}.Debug|Any CPU.ActiveCfg = Debug|Any CPU
		{EFB2F5F0-2F3F-49C0-B97B-75CC8AA6A255}.Debug|Any CPU.Build.0 = Debug|Any CPU
		{EFB2F5F0-2F3F-49C0-B97B-75CC8AA6A255}.Debug|ARM.ActiveCfg = Debug|Any CPU
		{EFB2F5F0-2F3F-49C0-B97B-75CC8AA6A255}.Debug|ARM.Build.0 = Debug|Any CPU
		{EFB2F5F0-2F3F-49C0-B97B-75CC8AA6A255}.Debug|x64.ActiveCfg = Debug|Any CPU
		{EFB2F5F0-2F3F-49C0-B97B-75CC8AA6A255}.Debug|x64.Build.0 = Debug|Any CPU
		{EFB2F5F0-2F3F-49C0-B97B-75CC8AA6A255}.Debug|x86.ActiveCfg = Debug|Any CPU
		{EFB2F5F0-2F3F-49C0-B97B-75CC8AA6A255}.Debug|x86.Build.0 = Debug|Any CPU
		{EFB2F5F0-2F3F-49C0-B97B-75CC8AA6A255}.Release|Any CPU.ActiveCfg = Release|Any CPU
		{EFB2F5F0-2F3F-49C0-B97B-75CC8AA6A255}.Release|Any CPU.Build.0 = Release|Any CPU
		{EFB2F5F0-2F3F-49C0-B97B-75CC8AA6A255}.Release|ARM.ActiveCfg = Release|Any CPU
		{EFB2F5F0-2F3F-49C0-B97B-75CC8AA6A255}.Release|ARM.Build.0 = Release|Any CPU
		{EFB2F5F0-2F3F-49C0-B97B-75CC8AA6A255}.Release|x64.ActiveCfg = Release|Any CPU
		{EFB2F5F0-2F3F-49C0-B97B-75CC8AA6A255}.Release|x64.Build.0 = Release|Any CPU
		{EFB2F5F0-2F3F-49C0-B97B-75CC8AA6A255}.Release|x86.ActiveCfg = Release|Any CPU
		{EFB2F5F0-2F3F-49C0-B97B-75CC8AA6A255}.Release|x86.Build.0 = Release|Any CPU
		{CA59D9BD-4AE2-4231-AAAE-67C62438574B}.Debug|Any CPU.ActiveCfg = Debug|Any CPU
		{CA59D9BD-4AE2-4231-AAAE-67C62438574B}.Debug|Any CPU.Build.0 = Debug|Any CPU
		{CA59D9BD-4AE2-4231-AAAE-67C62438574B}.Debug|ARM.ActiveCfg = Debug|Any CPU
		{CA59D9BD-4AE2-4231-AAAE-67C62438574B}.Debug|ARM.Build.0 = Debug|Any CPU
		{CA59D9BD-4AE2-4231-AAAE-67C62438574B}.Debug|x64.ActiveCfg = Debug|Any CPU
		{CA59D9BD-4AE2-4231-AAAE-67C62438574B}.Debug|x64.Build.0 = Debug|Any CPU
		{CA59D9BD-4AE2-4231-AAAE-67C62438574B}.Debug|x86.ActiveCfg = Debug|Any CPU
		{CA59D9BD-4AE2-4231-AAAE-67C62438574B}.Debug|x86.Build.0 = Debug|Any CPU
		{CA59D9BD-4AE2-4231-AAAE-67C62438574B}.Release|Any CPU.ActiveCfg = Release|Any CPU
		{CA59D9BD-4AE2-4231-AAAE-67C62438574B}.Release|Any CPU.Build.0 = Release|Any CPU
		{CA59D9BD-4AE2-4231-AAAE-67C62438574B}.Release|ARM.ActiveCfg = Release|Any CPU
		{CA59D9BD-4AE2-4231-AAAE-67C62438574B}.Release|ARM.Build.0 = Release|Any CPU
		{CA59D9BD-4AE2-4231-AAAE-67C62438574B}.Release|x64.ActiveCfg = Release|Any CPU
		{CA59D9BD-4AE2-4231-AAAE-67C62438574B}.Release|x64.Build.0 = Release|Any CPU
		{CA59D9BD-4AE2-4231-AAAE-67C62438574B}.Release|x86.ActiveCfg = Release|Any CPU
		{CA59D9BD-4AE2-4231-AAAE-67C62438574B}.Release|x86.Build.0 = Release|Any CPU
		{D235FE36-66DE-4AC3-B9A6-7FCF7E2028CC}.Debug|Any CPU.ActiveCfg = Debug|Any CPU
		{D235FE36-66DE-4AC3-B9A6-7FCF7E2028CC}.Debug|Any CPU.Build.0 = Debug|Any CPU
		{D235FE36-66DE-4AC3-B9A6-7FCF7E2028CC}.Debug|ARM.ActiveCfg = Debug|Any CPU
		{D235FE36-66DE-4AC3-B9A6-7FCF7E2028CC}.Debug|ARM.Build.0 = Debug|Any CPU
		{D235FE36-66DE-4AC3-B9A6-7FCF7E2028CC}.Debug|x64.ActiveCfg = Debug|Any CPU
		{D235FE36-66DE-4AC3-B9A6-7FCF7E2028CC}.Debug|x64.Build.0 = Debug|Any CPU
		{D235FE36-66DE-4AC3-B9A6-7FCF7E2028CC}.Debug|x86.ActiveCfg = Debug|Any CPU
		{D235FE36-66DE-4AC3-B9A6-7FCF7E2028CC}.Debug|x86.Build.0 = Debug|Any CPU
		{D235FE36-66DE-4AC3-B9A6-7FCF7E2028CC}.Release|Any CPU.ActiveCfg = Release|Any CPU
		{D235FE36-66DE-4AC3-B9A6-7FCF7E2028CC}.Release|Any CPU.Build.0 = Release|Any CPU
		{D235FE36-66DE-4AC3-B9A6-7FCF7E2028CC}.Release|ARM.ActiveCfg = Release|Any CPU
		{D235FE36-66DE-4AC3-B9A6-7FCF7E2028CC}.Release|ARM.Build.0 = Release|Any CPU
		{D235FE36-66DE-4AC3-B9A6-7FCF7E2028CC}.Release|x64.ActiveCfg = Release|Any CPU
		{D235FE36-66DE-4AC3-B9A6-7FCF7E2028CC}.Release|x64.Build.0 = Release|Any CPU
		{D235FE36-66DE-4AC3-B9A6-7FCF7E2028CC}.Release|x86.ActiveCfg = Release|Any CPU
		{D235FE36-66DE-4AC3-B9A6-7FCF7E2028CC}.Release|x86.Build.0 = Release|Any CPU
		{569FA297-1733-4E65-810F-3A19549DF609}.Debug|Any CPU.ActiveCfg = Debug|Any CPU
		{569FA297-1733-4E65-810F-3A19549DF609}.Debug|Any CPU.Build.0 = Debug|Any CPU
		{569FA297-1733-4E65-810F-3A19549DF609}.Debug|ARM.ActiveCfg = Debug|Any CPU
		{569FA297-1733-4E65-810F-3A19549DF609}.Debug|ARM.Build.0 = Debug|Any CPU
		{569FA297-1733-4E65-810F-3A19549DF609}.Debug|x64.ActiveCfg = Debug|Any CPU
		{569FA297-1733-4E65-810F-3A19549DF609}.Debug|x64.Build.0 = Debug|Any CPU
		{569FA297-1733-4E65-810F-3A19549DF609}.Debug|x86.ActiveCfg = Debug|Any CPU
		{569FA297-1733-4E65-810F-3A19549DF609}.Debug|x86.Build.0 = Debug|Any CPU
		{569FA297-1733-4E65-810F-3A19549DF609}.Release|Any CPU.ActiveCfg = Release|Any CPU
		{569FA297-1733-4E65-810F-3A19549DF609}.Release|Any CPU.Build.0 = Release|Any CPU
		{569FA297-1733-4E65-810F-3A19549DF609}.Release|ARM.ActiveCfg = Release|Any CPU
		{569FA297-1733-4E65-810F-3A19549DF609}.Release|ARM.Build.0 = Release|Any CPU
		{569FA297-1733-4E65-810F-3A19549DF609}.Release|x64.ActiveCfg = Release|Any CPU
		{569FA297-1733-4E65-810F-3A19549DF609}.Release|x64.Build.0 = Release|Any CPU
		{569FA297-1733-4E65-810F-3A19549DF609}.Release|x86.ActiveCfg = Release|Any CPU
		{569FA297-1733-4E65-810F-3A19549DF609}.Release|x86.Build.0 = Release|Any CPU
		{674422AD-0BAA-4716-A15B-3F1FDA0ADAA5}.Debug|Any CPU.ActiveCfg = Debug|Any CPU
		{674422AD-0BAA-4716-A15B-3F1FDA0ADAA5}.Debug|Any CPU.Build.0 = Debug|Any CPU
		{674422AD-0BAA-4716-A15B-3F1FDA0ADAA5}.Debug|ARM.ActiveCfg = Debug|Any CPU
		{674422AD-0BAA-4716-A15B-3F1FDA0ADAA5}.Debug|ARM.Build.0 = Debug|Any CPU
		{674422AD-0BAA-4716-A15B-3F1FDA0ADAA5}.Debug|x64.ActiveCfg = Debug|Any CPU
		{674422AD-0BAA-4716-A15B-3F1FDA0ADAA5}.Debug|x64.Build.0 = Debug|Any CPU
		{674422AD-0BAA-4716-A15B-3F1FDA0ADAA5}.Debug|x86.ActiveCfg = Debug|Any CPU
		{674422AD-0BAA-4716-A15B-3F1FDA0ADAA5}.Debug|x86.Build.0 = Debug|Any CPU
		{674422AD-0BAA-4716-A15B-3F1FDA0ADAA5}.Release|Any CPU.ActiveCfg = Release|Any CPU
		{674422AD-0BAA-4716-A15B-3F1FDA0ADAA5}.Release|Any CPU.Build.0 = Release|Any CPU
		{674422AD-0BAA-4716-A15B-3F1FDA0ADAA5}.Release|ARM.ActiveCfg = Release|Any CPU
		{674422AD-0BAA-4716-A15B-3F1FDA0ADAA5}.Release|ARM.Build.0 = Release|Any CPU
		{674422AD-0BAA-4716-A15B-3F1FDA0ADAA5}.Release|x64.ActiveCfg = Release|Any CPU
		{674422AD-0BAA-4716-A15B-3F1FDA0ADAA5}.Release|x64.Build.0 = Release|Any CPU
		{674422AD-0BAA-4716-A15B-3F1FDA0ADAA5}.Release|x86.ActiveCfg = Release|Any CPU
		{674422AD-0BAA-4716-A15B-3F1FDA0ADAA5}.Release|x86.Build.0 = Release|Any CPU
		{F9179658-4A72-4AC1-874D-569098096771}.Debug|Any CPU.ActiveCfg = Debug|Any CPU
		{F9179658-4A72-4AC1-874D-569098096771}.Debug|Any CPU.Build.0 = Debug|Any CPU
		{F9179658-4A72-4AC1-874D-569098096771}.Debug|ARM.ActiveCfg = Debug|Any CPU
		{F9179658-4A72-4AC1-874D-569098096771}.Debug|ARM.Build.0 = Debug|Any CPU
		{F9179658-4A72-4AC1-874D-569098096771}.Debug|x64.ActiveCfg = Debug|Any CPU
		{F9179658-4A72-4AC1-874D-569098096771}.Debug|x64.Build.0 = Debug|Any CPU
		{F9179658-4A72-4AC1-874D-569098096771}.Debug|x86.ActiveCfg = Debug|Any CPU
		{F9179658-4A72-4AC1-874D-569098096771}.Debug|x86.Build.0 = Debug|Any CPU
		{F9179658-4A72-4AC1-874D-569098096771}.Release|Any CPU.ActiveCfg = Release|Any CPU
		{F9179658-4A72-4AC1-874D-569098096771}.Release|Any CPU.Build.0 = Release|Any CPU
		{F9179658-4A72-4AC1-874D-569098096771}.Release|ARM.ActiveCfg = Release|Any CPU
		{F9179658-4A72-4AC1-874D-569098096771}.Release|ARM.Build.0 = Release|Any CPU
		{F9179658-4A72-4AC1-874D-569098096771}.Release|x64.ActiveCfg = Release|Any CPU
		{F9179658-4A72-4AC1-874D-569098096771}.Release|x64.Build.0 = Release|Any CPU
		{F9179658-4A72-4AC1-874D-569098096771}.Release|x86.ActiveCfg = Release|Any CPU
		{F9179658-4A72-4AC1-874D-569098096771}.Release|x86.Build.0 = Release|Any CPU
		{5BE0C04F-E909-4988-B245-8D58A3E65D60}.Debug|Any CPU.ActiveCfg = Debug|Any CPU
		{5BE0C04F-E909-4988-B245-8D58A3E65D60}.Debug|Any CPU.Build.0 = Debug|Any CPU
		{5BE0C04F-E909-4988-B245-8D58A3E65D60}.Debug|ARM.ActiveCfg = Debug|Any CPU
		{5BE0C04F-E909-4988-B245-8D58A3E65D60}.Debug|ARM.Build.0 = Debug|Any CPU
		{5BE0C04F-E909-4988-B245-8D58A3E65D60}.Debug|x64.ActiveCfg = Debug|Any CPU
		{5BE0C04F-E909-4988-B245-8D58A3E65D60}.Debug|x64.Build.0 = Debug|Any CPU
		{5BE0C04F-E909-4988-B245-8D58A3E65D60}.Debug|x86.ActiveCfg = Debug|Any CPU
		{5BE0C04F-E909-4988-B245-8D58A3E65D60}.Debug|x86.Build.0 = Debug|Any CPU
		{5BE0C04F-E909-4988-B245-8D58A3E65D60}.Release|Any CPU.ActiveCfg = Release|Any CPU
		{5BE0C04F-E909-4988-B245-8D58A3E65D60}.Release|Any CPU.Build.0 = Release|Any CPU
		{5BE0C04F-E909-4988-B245-8D58A3E65D60}.Release|ARM.ActiveCfg = Release|Any CPU
		{5BE0C04F-E909-4988-B245-8D58A3E65D60}.Release|ARM.Build.0 = Release|Any CPU
		{5BE0C04F-E909-4988-B245-8D58A3E65D60}.Release|x64.ActiveCfg = Release|Any CPU
		{5BE0C04F-E909-4988-B245-8D58A3E65D60}.Release|x64.Build.0 = Release|Any CPU
		{5BE0C04F-E909-4988-B245-8D58A3E65D60}.Release|x86.ActiveCfg = Release|Any CPU
		{5BE0C04F-E909-4988-B245-8D58A3E65D60}.Release|x86.Build.0 = Release|Any CPU
		{FBCA2C5A-28D8-4AD7-9AC8-09E99E2A4C61}.Debug|Any CPU.ActiveCfg = Debug|Any CPU
		{FBCA2C5A-28D8-4AD7-9AC8-09E99E2A4C61}.Debug|Any CPU.Build.0 = Debug|Any CPU
		{FBCA2C5A-28D8-4AD7-9AC8-09E99E2A4C61}.Debug|ARM.ActiveCfg = Debug|Any CPU
		{FBCA2C5A-28D8-4AD7-9AC8-09E99E2A4C61}.Debug|ARM.Build.0 = Debug|Any CPU
		{FBCA2C5A-28D8-4AD7-9AC8-09E99E2A4C61}.Debug|x64.ActiveCfg = Debug|Any CPU
		{FBCA2C5A-28D8-4AD7-9AC8-09E99E2A4C61}.Debug|x64.Build.0 = Debug|Any CPU
		{FBCA2C5A-28D8-4AD7-9AC8-09E99E2A4C61}.Debug|x86.ActiveCfg = Debug|Any CPU
		{FBCA2C5A-28D8-4AD7-9AC8-09E99E2A4C61}.Debug|x86.Build.0 = Debug|Any CPU
		{FBCA2C5A-28D8-4AD7-9AC8-09E99E2A4C61}.Release|Any CPU.ActiveCfg = Release|Any CPU
		{FBCA2C5A-28D8-4AD7-9AC8-09E99E2A4C61}.Release|Any CPU.Build.0 = Release|Any CPU
		{FBCA2C5A-28D8-4AD7-9AC8-09E99E2A4C61}.Release|ARM.ActiveCfg = Release|Any CPU
		{FBCA2C5A-28D8-4AD7-9AC8-09E99E2A4C61}.Release|ARM.Build.0 = Release|Any CPU
		{FBCA2C5A-28D8-4AD7-9AC8-09E99E2A4C61}.Release|x64.ActiveCfg = Release|Any CPU
		{FBCA2C5A-28D8-4AD7-9AC8-09E99E2A4C61}.Release|x64.Build.0 = Release|Any CPU
		{FBCA2C5A-28D8-4AD7-9AC8-09E99E2A4C61}.Release|x86.ActiveCfg = Release|Any CPU
		{FBCA2C5A-28D8-4AD7-9AC8-09E99E2A4C61}.Release|x86.Build.0 = Release|Any CPU
		{F72F866C-8499-4342-97DB-ECB5A64546C6}.Debug|Any CPU.ActiveCfg = Debug|Any CPU
		{F72F866C-8499-4342-97DB-ECB5A64546C6}.Debug|Any CPU.Build.0 = Debug|Any CPU
		{F72F866C-8499-4342-97DB-ECB5A64546C6}.Debug|ARM.ActiveCfg = Debug|Any CPU
		{F72F866C-8499-4342-97DB-ECB5A64546C6}.Debug|ARM.Build.0 = Debug|Any CPU
		{F72F866C-8499-4342-97DB-ECB5A64546C6}.Debug|x64.ActiveCfg = Debug|Any CPU
		{F72F866C-8499-4342-97DB-ECB5A64546C6}.Debug|x64.Build.0 = Debug|Any CPU
		{F72F866C-8499-4342-97DB-ECB5A64546C6}.Debug|x86.ActiveCfg = Debug|Any CPU
		{F72F866C-8499-4342-97DB-ECB5A64546C6}.Debug|x86.Build.0 = Debug|Any CPU
		{F72F866C-8499-4342-97DB-ECB5A64546C6}.Release|Any CPU.ActiveCfg = Release|Any CPU
		{F72F866C-8499-4342-97DB-ECB5A64546C6}.Release|Any CPU.Build.0 = Release|Any CPU
		{F72F866C-8499-4342-97DB-ECB5A64546C6}.Release|ARM.ActiveCfg = Release|Any CPU
		{F72F866C-8499-4342-97DB-ECB5A64546C6}.Release|ARM.Build.0 = Release|Any CPU
		{F72F866C-8499-4342-97DB-ECB5A64546C6}.Release|x64.ActiveCfg = Release|Any CPU
		{F72F866C-8499-4342-97DB-ECB5A64546C6}.Release|x64.Build.0 = Release|Any CPU
		{F72F866C-8499-4342-97DB-ECB5A64546C6}.Release|x86.ActiveCfg = Release|Any CPU
		{F72F866C-8499-4342-97DB-ECB5A64546C6}.Release|x86.Build.0 = Release|Any CPU
		{7490DC7A-D2AC-41DA-98C3-426822C69C21}.Debug|Any CPU.ActiveCfg = Debug|Any CPU
		{7490DC7A-D2AC-41DA-98C3-426822C69C21}.Debug|Any CPU.Build.0 = Debug|Any CPU
		{7490DC7A-D2AC-41DA-98C3-426822C69C21}.Debug|ARM.ActiveCfg = Debug|Any CPU
		{7490DC7A-D2AC-41DA-98C3-426822C69C21}.Debug|ARM.Build.0 = Debug|Any CPU
		{7490DC7A-D2AC-41DA-98C3-426822C69C21}.Debug|x64.ActiveCfg = Debug|Any CPU
		{7490DC7A-D2AC-41DA-98C3-426822C69C21}.Debug|x64.Build.0 = Debug|Any CPU
		{7490DC7A-D2AC-41DA-98C3-426822C69C21}.Debug|x86.ActiveCfg = Debug|Any CPU
		{7490DC7A-D2AC-41DA-98C3-426822C69C21}.Debug|x86.Build.0 = Debug|Any CPU
		{7490DC7A-D2AC-41DA-98C3-426822C69C21}.Release|Any CPU.ActiveCfg = Release|Any CPU
		{7490DC7A-D2AC-41DA-98C3-426822C69C21}.Release|Any CPU.Build.0 = Release|Any CPU
		{7490DC7A-D2AC-41DA-98C3-426822C69C21}.Release|ARM.ActiveCfg = Release|Any CPU
		{7490DC7A-D2AC-41DA-98C3-426822C69C21}.Release|ARM.Build.0 = Release|Any CPU
		{7490DC7A-D2AC-41DA-98C3-426822C69C21}.Release|x64.ActiveCfg = Release|Any CPU
		{7490DC7A-D2AC-41DA-98C3-426822C69C21}.Release|x64.Build.0 = Release|Any CPU
		{7490DC7A-D2AC-41DA-98C3-426822C69C21}.Release|x86.ActiveCfg = Release|Any CPU
		{7490DC7A-D2AC-41DA-98C3-426822C69C21}.Release|x86.Build.0 = Release|Any CPU
		{DAD5CC48-EB41-4CD3-AD54-1BA92019AE6D}.Debug|Any CPU.ActiveCfg = Debug|Any CPU
		{DAD5CC48-EB41-4CD3-AD54-1BA92019AE6D}.Debug|Any CPU.Build.0 = Debug|Any CPU
		{DAD5CC48-EB41-4CD3-AD54-1BA92019AE6D}.Debug|ARM.ActiveCfg = Debug|Any CPU
		{DAD5CC48-EB41-4CD3-AD54-1BA92019AE6D}.Debug|ARM.Build.0 = Debug|Any CPU
		{DAD5CC48-EB41-4CD3-AD54-1BA92019AE6D}.Debug|x64.ActiveCfg = Debug|Any CPU
		{DAD5CC48-EB41-4CD3-AD54-1BA92019AE6D}.Debug|x64.Build.0 = Debug|Any CPU
		{DAD5CC48-EB41-4CD3-AD54-1BA92019AE6D}.Debug|x86.ActiveCfg = Debug|Any CPU
		{DAD5CC48-EB41-4CD3-AD54-1BA92019AE6D}.Debug|x86.Build.0 = Debug|Any CPU
		{DAD5CC48-EB41-4CD3-AD54-1BA92019AE6D}.Release|Any CPU.ActiveCfg = Release|Any CPU
		{DAD5CC48-EB41-4CD3-AD54-1BA92019AE6D}.Release|Any CPU.Build.0 = Release|Any CPU
		{DAD5CC48-EB41-4CD3-AD54-1BA92019AE6D}.Release|ARM.ActiveCfg = Release|Any CPU
		{DAD5CC48-EB41-4CD3-AD54-1BA92019AE6D}.Release|ARM.Build.0 = Release|Any CPU
		{DAD5CC48-EB41-4CD3-AD54-1BA92019AE6D}.Release|x64.ActiveCfg = Release|Any CPU
		{DAD5CC48-EB41-4CD3-AD54-1BA92019AE6D}.Release|x64.Build.0 = Release|Any CPU
		{DAD5CC48-EB41-4CD3-AD54-1BA92019AE6D}.Release|x86.ActiveCfg = Release|Any CPU
		{DAD5CC48-EB41-4CD3-AD54-1BA92019AE6D}.Release|x86.Build.0 = Release|Any CPU
		{E9F8AAC6-EB9E-4584-A1C8-AEF3D244F4FA}.Debug|Any CPU.ActiveCfg = Debug|Any CPU
		{E9F8AAC6-EB9E-4584-A1C8-AEF3D244F4FA}.Debug|Any CPU.Build.0 = Debug|Any CPU
		{E9F8AAC6-EB9E-4584-A1C8-AEF3D244F4FA}.Debug|ARM.ActiveCfg = Debug|Any CPU
		{E9F8AAC6-EB9E-4584-A1C8-AEF3D244F4FA}.Debug|ARM.Build.0 = Debug|Any CPU
		{E9F8AAC6-EB9E-4584-A1C8-AEF3D244F4FA}.Debug|x64.ActiveCfg = Debug|Any CPU
		{E9F8AAC6-EB9E-4584-A1C8-AEF3D244F4FA}.Debug|x64.Build.0 = Debug|Any CPU
		{E9F8AAC6-EB9E-4584-A1C8-AEF3D244F4FA}.Debug|x86.ActiveCfg = Debug|Any CPU
		{E9F8AAC6-EB9E-4584-A1C8-AEF3D244F4FA}.Debug|x86.Build.0 = Debug|Any CPU
		{E9F8AAC6-EB9E-4584-A1C8-AEF3D244F4FA}.Release|Any CPU.ActiveCfg = Release|Any CPU
		{E9F8AAC6-EB9E-4584-A1C8-AEF3D244F4FA}.Release|Any CPU.Build.0 = Release|Any CPU
		{E9F8AAC6-EB9E-4584-A1C8-AEF3D244F4FA}.Release|ARM.ActiveCfg = Release|Any CPU
		{E9F8AAC6-EB9E-4584-A1C8-AEF3D244F4FA}.Release|ARM.Build.0 = Release|Any CPU
		{E9F8AAC6-EB9E-4584-A1C8-AEF3D244F4FA}.Release|x64.ActiveCfg = Release|Any CPU
		{E9F8AAC6-EB9E-4584-A1C8-AEF3D244F4FA}.Release|x64.Build.0 = Release|Any CPU
		{E9F8AAC6-EB9E-4584-A1C8-AEF3D244F4FA}.Release|x86.ActiveCfg = Release|Any CPU
		{E9F8AAC6-EB9E-4584-A1C8-AEF3D244F4FA}.Release|x86.Build.0 = Release|Any CPU
		{6A181088-7100-4CB3-A4CD-D7F87982B76D}.Debug|Any CPU.ActiveCfg = Debug|Any CPU
		{6A181088-7100-4CB3-A4CD-D7F87982B76D}.Debug|Any CPU.Build.0 = Debug|Any CPU
		{6A181088-7100-4CB3-A4CD-D7F87982B76D}.Debug|ARM.ActiveCfg = Debug|Any CPU
		{6A181088-7100-4CB3-A4CD-D7F87982B76D}.Debug|ARM.Build.0 = Debug|Any CPU
		{6A181088-7100-4CB3-A4CD-D7F87982B76D}.Debug|x64.ActiveCfg = Debug|Any CPU
		{6A181088-7100-4CB3-A4CD-D7F87982B76D}.Debug|x64.Build.0 = Debug|Any CPU
		{6A181088-7100-4CB3-A4CD-D7F87982B76D}.Debug|x86.ActiveCfg = Debug|Any CPU
		{6A181088-7100-4CB3-A4CD-D7F87982B76D}.Debug|x86.Build.0 = Debug|Any CPU
		{6A181088-7100-4CB3-A4CD-D7F87982B76D}.Release|Any CPU.ActiveCfg = Release|Any CPU
		{6A181088-7100-4CB3-A4CD-D7F87982B76D}.Release|Any CPU.Build.0 = Release|Any CPU
		{6A181088-7100-4CB3-A4CD-D7F87982B76D}.Release|ARM.ActiveCfg = Release|Any CPU
		{6A181088-7100-4CB3-A4CD-D7F87982B76D}.Release|ARM.Build.0 = Release|Any CPU
		{6A181088-7100-4CB3-A4CD-D7F87982B76D}.Release|x64.ActiveCfg = Release|Any CPU
		{6A181088-7100-4CB3-A4CD-D7F87982B76D}.Release|x64.Build.0 = Release|Any CPU
		{6A181088-7100-4CB3-A4CD-D7F87982B76D}.Release|x86.ActiveCfg = Release|Any CPU
		{6A181088-7100-4CB3-A4CD-D7F87982B76D}.Release|x86.Build.0 = Release|Any CPU
		{A4F7E214-838C-4620-87E8-E919EBAE6E4D}.Debug|Any CPU.ActiveCfg = Debug|Any CPU
		{A4F7E214-838C-4620-87E8-E919EBAE6E4D}.Debug|Any CPU.Build.0 = Debug|Any CPU
		{A4F7E214-838C-4620-87E8-E919EBAE6E4D}.Debug|ARM.ActiveCfg = Debug|Any CPU
		{A4F7E214-838C-4620-87E8-E919EBAE6E4D}.Debug|ARM.Build.0 = Debug|Any CPU
		{A4F7E214-838C-4620-87E8-E919EBAE6E4D}.Debug|x64.ActiveCfg = Debug|Any CPU
		{A4F7E214-838C-4620-87E8-E919EBAE6E4D}.Debug|x64.Build.0 = Debug|Any CPU
		{A4F7E214-838C-4620-87E8-E919EBAE6E4D}.Debug|x86.ActiveCfg = Debug|Any CPU
		{A4F7E214-838C-4620-87E8-E919EBAE6E4D}.Debug|x86.Build.0 = Debug|Any CPU
		{A4F7E214-838C-4620-87E8-E919EBAE6E4D}.Release|Any CPU.ActiveCfg = Release|Any CPU
		{A4F7E214-838C-4620-87E8-E919EBAE6E4D}.Release|Any CPU.Build.0 = Release|Any CPU
		{A4F7E214-838C-4620-87E8-E919EBAE6E4D}.Release|ARM.ActiveCfg = Release|Any CPU
		{A4F7E214-838C-4620-87E8-E919EBAE6E4D}.Release|ARM.Build.0 = Release|Any CPU
		{A4F7E214-838C-4620-87E8-E919EBAE6E4D}.Release|x64.ActiveCfg = Release|Any CPU
		{A4F7E214-838C-4620-87E8-E919EBAE6E4D}.Release|x64.Build.0 = Release|Any CPU
		{A4F7E214-838C-4620-87E8-E919EBAE6E4D}.Release|x86.ActiveCfg = Release|Any CPU
		{A4F7E214-838C-4620-87E8-E919EBAE6E4D}.Release|x86.Build.0 = Release|Any CPU
		{0DCF622B-41CF-4F2D-9F96-D24ACE419F64}.Debug|Any CPU.ActiveCfg = Debug|Any CPU
		{0DCF622B-41CF-4F2D-9F96-D24ACE419F64}.Debug|Any CPU.Build.0 = Debug|Any CPU
		{0DCF622B-41CF-4F2D-9F96-D24ACE419F64}.Debug|ARM.ActiveCfg = Debug|Any CPU
		{0DCF622B-41CF-4F2D-9F96-D24ACE419F64}.Debug|ARM.Build.0 = Debug|Any CPU
		{0DCF622B-41CF-4F2D-9F96-D24ACE419F64}.Debug|x64.ActiveCfg = Debug|Any CPU
		{0DCF622B-41CF-4F2D-9F96-D24ACE419F64}.Debug|x64.Build.0 = Debug|Any CPU
		{0DCF622B-41CF-4F2D-9F96-D24ACE419F64}.Debug|x86.ActiveCfg = Debug|Any CPU
		{0DCF622B-41CF-4F2D-9F96-D24ACE419F64}.Debug|x86.Build.0 = Debug|Any CPU
		{0DCF622B-41CF-4F2D-9F96-D24ACE419F64}.Release|Any CPU.ActiveCfg = Release|Any CPU
		{0DCF622B-41CF-4F2D-9F96-D24ACE419F64}.Release|Any CPU.Build.0 = Release|Any CPU
		{0DCF622B-41CF-4F2D-9F96-D24ACE419F64}.Release|ARM.ActiveCfg = Release|Any CPU
		{0DCF622B-41CF-4F2D-9F96-D24ACE419F64}.Release|ARM.Build.0 = Release|Any CPU
		{0DCF622B-41CF-4F2D-9F96-D24ACE419F64}.Release|x64.ActiveCfg = Release|Any CPU
		{0DCF622B-41CF-4F2D-9F96-D24ACE419F64}.Release|x64.Build.0 = Release|Any CPU
		{0DCF622B-41CF-4F2D-9F96-D24ACE419F64}.Release|x86.ActiveCfg = Release|Any CPU
		{0DCF622B-41CF-4F2D-9F96-D24ACE419F64}.Release|x86.Build.0 = Release|Any CPU
		{7693B504-33B7-4EAA-865C-75A6E20ED412}.Debug|Any CPU.ActiveCfg = Debug|Any CPU
		{7693B504-33B7-4EAA-865C-75A6E20ED412}.Debug|Any CPU.Build.0 = Debug|Any CPU
		{7693B504-33B7-4EAA-865C-75A6E20ED412}.Debug|ARM.ActiveCfg = Debug|Any CPU
		{7693B504-33B7-4EAA-865C-75A6E20ED412}.Debug|ARM.Build.0 = Debug|Any CPU
		{7693B504-33B7-4EAA-865C-75A6E20ED412}.Debug|x64.ActiveCfg = Debug|Any CPU
		{7693B504-33B7-4EAA-865C-75A6E20ED412}.Debug|x64.Build.0 = Debug|Any CPU
		{7693B504-33B7-4EAA-865C-75A6E20ED412}.Debug|x86.ActiveCfg = Debug|Any CPU
		{7693B504-33B7-4EAA-865C-75A6E20ED412}.Debug|x86.Build.0 = Debug|Any CPU
		{7693B504-33B7-4EAA-865C-75A6E20ED412}.Release|Any CPU.ActiveCfg = Release|Any CPU
		{7693B504-33B7-4EAA-865C-75A6E20ED412}.Release|Any CPU.Build.0 = Release|Any CPU
		{7693B504-33B7-4EAA-865C-75A6E20ED412}.Release|ARM.ActiveCfg = Release|Any CPU
		{7693B504-33B7-4EAA-865C-75A6E20ED412}.Release|ARM.Build.0 = Release|Any CPU
		{7693B504-33B7-4EAA-865C-75A6E20ED412}.Release|x64.ActiveCfg = Release|Any CPU
		{7693B504-33B7-4EAA-865C-75A6E20ED412}.Release|x64.Build.0 = Release|Any CPU
		{7693B504-33B7-4EAA-865C-75A6E20ED412}.Release|x86.ActiveCfg = Release|Any CPU
		{7693B504-33B7-4EAA-865C-75A6E20ED412}.Release|x86.Build.0 = Release|Any CPU
		{AAACB9FC-4D70-4EE0-9EB1-43D779F17CD0}.Debug|Any CPU.ActiveCfg = Debug|Any CPU
		{AAACB9FC-4D70-4EE0-9EB1-43D779F17CD0}.Debug|Any CPU.Build.0 = Debug|Any CPU
		{AAACB9FC-4D70-4EE0-9EB1-43D779F17CD0}.Debug|ARM.ActiveCfg = Debug|Any CPU
		{AAACB9FC-4D70-4EE0-9EB1-43D779F17CD0}.Debug|ARM.Build.0 = Debug|Any CPU
		{AAACB9FC-4D70-4EE0-9EB1-43D779F17CD0}.Debug|x64.ActiveCfg = Debug|Any CPU
		{AAACB9FC-4D70-4EE0-9EB1-43D779F17CD0}.Debug|x64.Build.0 = Debug|Any CPU
		{AAACB9FC-4D70-4EE0-9EB1-43D779F17CD0}.Debug|x86.ActiveCfg = Debug|Any CPU
		{AAACB9FC-4D70-4EE0-9EB1-43D779F17CD0}.Debug|x86.Build.0 = Debug|Any CPU
		{AAACB9FC-4D70-4EE0-9EB1-43D779F17CD0}.Release|Any CPU.ActiveCfg = Release|Any CPU
		{AAACB9FC-4D70-4EE0-9EB1-43D779F17CD0}.Release|Any CPU.Build.0 = Release|Any CPU
		{AAACB9FC-4D70-4EE0-9EB1-43D779F17CD0}.Release|ARM.ActiveCfg = Release|Any CPU
		{AAACB9FC-4D70-4EE0-9EB1-43D779F17CD0}.Release|ARM.Build.0 = Release|Any CPU
		{AAACB9FC-4D70-4EE0-9EB1-43D779F17CD0}.Release|x64.ActiveCfg = Release|Any CPU
		{AAACB9FC-4D70-4EE0-9EB1-43D779F17CD0}.Release|x64.Build.0 = Release|Any CPU
		{AAACB9FC-4D70-4EE0-9EB1-43D779F17CD0}.Release|x86.ActiveCfg = Release|Any CPU
		{AAACB9FC-4D70-4EE0-9EB1-43D779F17CD0}.Release|x86.Build.0 = Release|Any CPU
		{A1085368-31C8-48E5-ADDD-F930BDC6F465}.Debug|Any CPU.ActiveCfg = Debug|Any CPU
		{A1085368-31C8-48E5-ADDD-F930BDC6F465}.Debug|Any CPU.Build.0 = Debug|Any CPU
		{A1085368-31C8-48E5-ADDD-F930BDC6F465}.Debug|ARM.ActiveCfg = Debug|Any CPU
		{A1085368-31C8-48E5-ADDD-F930BDC6F465}.Debug|ARM.Build.0 = Debug|Any CPU
		{A1085368-31C8-48E5-ADDD-F930BDC6F465}.Debug|x64.ActiveCfg = Debug|Any CPU
		{A1085368-31C8-48E5-ADDD-F930BDC6F465}.Debug|x64.Build.0 = Debug|Any CPU
		{A1085368-31C8-48E5-ADDD-F930BDC6F465}.Debug|x86.ActiveCfg = Debug|Any CPU
		{A1085368-31C8-48E5-ADDD-F930BDC6F465}.Debug|x86.Build.0 = Debug|Any CPU
		{A1085368-31C8-48E5-ADDD-F930BDC6F465}.Release|Any CPU.ActiveCfg = Release|Any CPU
		{A1085368-31C8-48E5-ADDD-F930BDC6F465}.Release|Any CPU.Build.0 = Release|Any CPU
		{A1085368-31C8-48E5-ADDD-F930BDC6F465}.Release|ARM.ActiveCfg = Release|Any CPU
		{A1085368-31C8-48E5-ADDD-F930BDC6F465}.Release|ARM.Build.0 = Release|Any CPU
		{A1085368-31C8-48E5-ADDD-F930BDC6F465}.Release|x64.ActiveCfg = Release|Any CPU
		{A1085368-31C8-48E5-ADDD-F930BDC6F465}.Release|x64.Build.0 = Release|Any CPU
		{A1085368-31C8-48E5-ADDD-F930BDC6F465}.Release|x86.ActiveCfg = Release|Any CPU
		{A1085368-31C8-48E5-ADDD-F930BDC6F465}.Release|x86.Build.0 = Release|Any CPU
		{4AFA3EE4-D125-4CF8-9056-A45AF44D9560}.Debug|Any CPU.ActiveCfg = Debug|Any CPU
		{4AFA3EE4-D125-4CF8-9056-A45AF44D9560}.Debug|Any CPU.Build.0 = Debug|Any CPU
		{4AFA3EE4-D125-4CF8-9056-A45AF44D9560}.Debug|ARM.ActiveCfg = Debug|Any CPU
		{4AFA3EE4-D125-4CF8-9056-A45AF44D9560}.Debug|ARM.Build.0 = Debug|Any CPU
		{4AFA3EE4-D125-4CF8-9056-A45AF44D9560}.Debug|x64.ActiveCfg = Debug|Any CPU
		{4AFA3EE4-D125-4CF8-9056-A45AF44D9560}.Debug|x64.Build.0 = Debug|Any CPU
		{4AFA3EE4-D125-4CF8-9056-A45AF44D9560}.Debug|x86.ActiveCfg = Debug|Any CPU
		{4AFA3EE4-D125-4CF8-9056-A45AF44D9560}.Debug|x86.Build.0 = Debug|Any CPU
		{4AFA3EE4-D125-4CF8-9056-A45AF44D9560}.Release|Any CPU.ActiveCfg = Release|Any CPU
		{4AFA3EE4-D125-4CF8-9056-A45AF44D9560}.Release|Any CPU.Build.0 = Release|Any CPU
		{4AFA3EE4-D125-4CF8-9056-A45AF44D9560}.Release|ARM.ActiveCfg = Release|Any CPU
		{4AFA3EE4-D125-4CF8-9056-A45AF44D9560}.Release|ARM.Build.0 = Release|Any CPU
		{4AFA3EE4-D125-4CF8-9056-A45AF44D9560}.Release|x64.ActiveCfg = Release|Any CPU
		{4AFA3EE4-D125-4CF8-9056-A45AF44D9560}.Release|x64.Build.0 = Release|Any CPU
		{4AFA3EE4-D125-4CF8-9056-A45AF44D9560}.Release|x86.ActiveCfg = Release|Any CPU
		{4AFA3EE4-D125-4CF8-9056-A45AF44D9560}.Release|x86.Build.0 = Release|Any CPU
		{C6F5995F-C0F1-4A82-B331-D63B46D9199D}.Debug|Any CPU.ActiveCfg = Debug|Any CPU
		{C6F5995F-C0F1-4A82-B331-D63B46D9199D}.Debug|Any CPU.Build.0 = Debug|Any CPU
		{C6F5995F-C0F1-4A82-B331-D63B46D9199D}.Debug|ARM.ActiveCfg = Debug|Any CPU
		{C6F5995F-C0F1-4A82-B331-D63B46D9199D}.Debug|ARM.Build.0 = Debug|Any CPU
		{C6F5995F-C0F1-4A82-B331-D63B46D9199D}.Debug|x64.ActiveCfg = Debug|Any CPU
		{C6F5995F-C0F1-4A82-B331-D63B46D9199D}.Debug|x64.Build.0 = Debug|Any CPU
		{C6F5995F-C0F1-4A82-B331-D63B46D9199D}.Debug|x86.ActiveCfg = Debug|Any CPU
		{C6F5995F-C0F1-4A82-B331-D63B46D9199D}.Debug|x86.Build.0 = Debug|Any CPU
		{C6F5995F-C0F1-4A82-B331-D63B46D9199D}.Release|Any CPU.ActiveCfg = Release|Any CPU
		{C6F5995F-C0F1-4A82-B331-D63B46D9199D}.Release|Any CPU.Build.0 = Release|Any CPU
		{C6F5995F-C0F1-4A82-B331-D63B46D9199D}.Release|ARM.ActiveCfg = Release|Any CPU
		{C6F5995F-C0F1-4A82-B331-D63B46D9199D}.Release|ARM.Build.0 = Release|Any CPU
		{C6F5995F-C0F1-4A82-B331-D63B46D9199D}.Release|x64.ActiveCfg = Release|Any CPU
		{C6F5995F-C0F1-4A82-B331-D63B46D9199D}.Release|x64.Build.0 = Release|Any CPU
		{C6F5995F-C0F1-4A82-B331-D63B46D9199D}.Release|x86.ActiveCfg = Release|Any CPU
		{C6F5995F-C0F1-4A82-B331-D63B46D9199D}.Release|x86.Build.0 = Release|Any CPU
		{CE6A6F79-4FC6-46CF-AB1C-1C62D3CC914A}.Debug|Any CPU.ActiveCfg = Debug|Any CPU
		{CE6A6F79-4FC6-46CF-AB1C-1C62D3CC914A}.Debug|Any CPU.Build.0 = Debug|Any CPU
		{CE6A6F79-4FC6-46CF-AB1C-1C62D3CC914A}.Debug|ARM.ActiveCfg = Debug|Any CPU
		{CE6A6F79-4FC6-46CF-AB1C-1C62D3CC914A}.Debug|ARM.Build.0 = Debug|Any CPU
		{CE6A6F79-4FC6-46CF-AB1C-1C62D3CC914A}.Debug|x64.ActiveCfg = Debug|Any CPU
		{CE6A6F79-4FC6-46CF-AB1C-1C62D3CC914A}.Debug|x64.Build.0 = Debug|Any CPU
		{CE6A6F79-4FC6-46CF-AB1C-1C62D3CC914A}.Debug|x86.ActiveCfg = Debug|Any CPU
		{CE6A6F79-4FC6-46CF-AB1C-1C62D3CC914A}.Debug|x86.Build.0 = Debug|Any CPU
		{CE6A6F79-4FC6-46CF-AB1C-1C62D3CC914A}.Release|Any CPU.ActiveCfg = Release|Any CPU
		{CE6A6F79-4FC6-46CF-AB1C-1C62D3CC914A}.Release|Any CPU.Build.0 = Release|Any CPU
		{CE6A6F79-4FC6-46CF-AB1C-1C62D3CC914A}.Release|ARM.ActiveCfg = Release|Any CPU
		{CE6A6F79-4FC6-46CF-AB1C-1C62D3CC914A}.Release|ARM.Build.0 = Release|Any CPU
		{CE6A6F79-4FC6-46CF-AB1C-1C62D3CC914A}.Release|x64.ActiveCfg = Release|Any CPU
		{CE6A6F79-4FC6-46CF-AB1C-1C62D3CC914A}.Release|x64.Build.0 = Release|Any CPU
		{CE6A6F79-4FC6-46CF-AB1C-1C62D3CC914A}.Release|x86.ActiveCfg = Release|Any CPU
		{CE6A6F79-4FC6-46CF-AB1C-1C62D3CC914A}.Release|x86.Build.0 = Release|Any CPU
		{F9DAD686-6250-4FF3-A134-B87188B009A6}.Debug|Any CPU.ActiveCfg = Debug|Any CPU
		{F9DAD686-6250-4FF3-A134-B87188B009A6}.Debug|Any CPU.Build.0 = Debug|Any CPU
		{F9DAD686-6250-4FF3-A134-B87188B009A6}.Debug|ARM.ActiveCfg = Debug|Any CPU
		{F9DAD686-6250-4FF3-A134-B87188B009A6}.Debug|ARM.Build.0 = Debug|Any CPU
		{F9DAD686-6250-4FF3-A134-B87188B009A6}.Debug|x64.ActiveCfg = Debug|Any CPU
		{F9DAD686-6250-4FF3-A134-B87188B009A6}.Debug|x64.Build.0 = Debug|Any CPU
		{F9DAD686-6250-4FF3-A134-B87188B009A6}.Debug|x86.ActiveCfg = Debug|Any CPU
		{F9DAD686-6250-4FF3-A134-B87188B009A6}.Debug|x86.Build.0 = Debug|Any CPU
		{F9DAD686-6250-4FF3-A134-B87188B009A6}.Release|Any CPU.ActiveCfg = Release|Any CPU
		{F9DAD686-6250-4FF3-A134-B87188B009A6}.Release|Any CPU.Build.0 = Release|Any CPU
		{F9DAD686-6250-4FF3-A134-B87188B009A6}.Release|ARM.ActiveCfg = Release|Any CPU
		{F9DAD686-6250-4FF3-A134-B87188B009A6}.Release|ARM.Build.0 = Release|Any CPU
		{F9DAD686-6250-4FF3-A134-B87188B009A6}.Release|x64.ActiveCfg = Release|Any CPU
		{F9DAD686-6250-4FF3-A134-B87188B009A6}.Release|x64.Build.0 = Release|Any CPU
		{F9DAD686-6250-4FF3-A134-B87188B009A6}.Release|x86.ActiveCfg = Release|Any CPU
		{F9DAD686-6250-4FF3-A134-B87188B009A6}.Release|x86.Build.0 = Release|Any CPU
	EndGlobalSection
	GlobalSection(SolutionProperties) = preSolution
		HideSolutionNode = FALSE
	EndGlobalSection
	GlobalSection(NestedProjects) = preSolution
		{9343B38D-94DE-46C9-991B-259E2310F760} = {9DC5F4E8-4F67-4938-89A4-9B1BBF6A972F}
		{EB39976F-FAC2-4528-AA4E-76BE3FFA3ABB} = {9DC5F4E8-4F67-4938-89A4-9B1BBF6A972F}
		{EEE6A156-73E4-4640-A71E-082DD5346563} = {9DC5F4E8-4F67-4938-89A4-9B1BBF6A972F}
		{EFB2F5F0-2F3F-49C0-B97B-75CC8AA6A255} = {9DC5F4E8-4F67-4938-89A4-9B1BBF6A972F}
		{CA59D9BD-4AE2-4231-AAAE-67C62438574B} = {DD496D6B-EE46-4C0B-BE67-4A8D47789E11}
		{D235FE36-66DE-4AC3-B9A6-7FCF7E2028CC} = {DD496D6B-EE46-4C0B-BE67-4A8D47789E11}
		{569FA297-1733-4E65-810F-3A19549DF609} = {54F0E23C-793F-491B-A304-92EE49FA98DB}
		{674422AD-0BAA-4716-A15B-3F1FDA0ADAA5} = {54F0E23C-793F-491B-A304-92EE49FA98DB}
		{F9179658-4A72-4AC1-874D-569098096771} = {E36DE759-7563-4B58-8A4E-32A4C2589C9E}
		{5BE0C04F-E909-4988-B245-8D58A3E65D60} = {68436CD4-3303-4CB3-AA57-889F9B850D76}
		{FBCA2C5A-28D8-4AD7-9AC8-09E99E2A4C61} = {E36DE759-7563-4B58-8A4E-32A4C2589C9E}
		{F72F866C-8499-4342-97DB-ECB5A64546C6} = {C0D89F56-2FA9-4C2F-8E90-6D88D3855F64}
		{7490DC7A-D2AC-41DA-98C3-426822C69C21} = {C0D89F56-2FA9-4C2F-8E90-6D88D3855F64}
		{DAD5CC48-EB41-4CD3-AD54-1BA92019AE6D} = {C0D89F56-2FA9-4C2F-8E90-6D88D3855F64}
		{E9F8AAC6-EB9E-4584-A1C8-AEF3D244F4FA} = {9DC5F4E8-4F67-4938-89A4-9B1BBF6A972F}
		{6A181088-7100-4CB3-A4CD-D7F87982B76D} = {C0D89F56-2FA9-4C2F-8E90-6D88D3855F64}
		{A4F7E214-838C-4620-87E8-E919EBAE6E4D} = {B9016CD6-3F78-4CFF-877B-2683590A36B7}
		{0DCF622B-41CF-4F2D-9F96-D24ACE419F64} = {B9016CD6-3F78-4CFF-877B-2683590A36B7}
		{7693B504-33B7-4EAA-865C-75A6E20ED412} = {B9016CD6-3F78-4CFF-877B-2683590A36B7}
		{AAACB9FC-4D70-4EE0-9EB1-43D779F17CD0} = {B9016CD6-3F78-4CFF-877B-2683590A36B7}
		{A1085368-31C8-48E5-ADDD-F930BDC6F465} = {B9016CD6-3F78-4CFF-877B-2683590A36B7}
		{4AFA3EE4-D125-4CF8-9056-A45AF44D9560} = {B9016CD6-3F78-4CFF-877B-2683590A36B7}
		{C6F5995F-C0F1-4A82-B331-D63B46D9199D} = {B9016CD6-3F78-4CFF-877B-2683590A36B7}
		{CE6A6F79-4FC6-46CF-AB1C-1C62D3CC914A} = {B9016CD6-3F78-4CFF-877B-2683590A36B7}
		{F9DAD686-6250-4FF3-A134-B87188B009A6} = {B9016CD6-3F78-4CFF-877B-2683590A36B7}
	EndGlobalSection
	GlobalSection(ExtensibilityGlobals) = postSolution
		EnterpriseLibraryConfigurationToolBinariesPath = packages\Unity.2.1.505.2\lib\NET35
		SolutionGuid = {BF2678B4-3D6E-4AE5-B80C-6B8F949B1B70}
	EndGlobalSection
EndGlobal
